
Microsoft Visual Studio Solution File, Format Version 12.00
# Visual Studio 14
VisualStudioVersion = 14.0.25420.1
MinimumVisualStudioVersion = 10.0.40219.1
Project("{FAE04EC0-301F-11D3-BF4B-00C04F79EFBC}") = "WebPDV", "WebPDV\WebPDV.csproj", "{54E16207-1ECE-40BD-8722-C91D5F18AB56}"
EndProject
Global
	GlobalSection(SolutionConfigurationPlatforms) = preSolution
		Debug|Any CPU = Debug|Any CPU
		Release|Any CPU = Release|Any CPU
	EndGlobalSection
	GlobalSection(ProjectConfigurationPlatforms) = postSolution
		{54E16207-1ECE-40BD-8722-C91D5F18AB56}.Debug|Any CPU.ActiveCfg = Debug|Any CPU
		{54E16207-1ECE-40BD-8722-C91D5F18AB56}.Debug|Any CPU.Build.0 = Debug|Any CPU
		{54E16207-1ECE-40BD-8722-C91D5F18AB56}.Release|Any CPU.ActiveCfg = Release|Any CPU
		{54E16207-1ECE-40BD-8722-C91D5F18AB56}.Release|Any CPU.Build.0 = Release|Any CPU
	EndGlobalSection
	GlobalSection(SolutionProperties) = preSolution
		HideSolutionNode = FALSE
	EndGlobalSection
EndGlobal
